// !$*UTF8*$!
{
	archiveVersion = 1;
	classes = {
	};
	objectVersion = 48;
	objects = {

/* Begin PBXBuildFile section */
		205276D920173C5000CDA3CF /* AppHelper.framework in Frameworks */ = {isa = PBXBuildFile; fileRef = 206125962017267100D86A09 /* AppHelper.framework */; };
		205276DA20173C5000CDA3CF /* AppHelper.framework in Embed Frameworks */ = {isa = PBXBuildFile; fileRef = 206125962017267100D86A09 /* AppHelper.framework */; settings = {ATTRIBUTES = (CodeSignOnCopy, RemoveHeadersOnCopy, ); }; };
		206125A52017269600D86A09 /* AppDelegate.swift in Sources */ = {isa = PBXBuildFile; fileRef = 206125A42017269600D86A09 /* AppDelegate.swift */; };
		206125A72017269600D86A09 /* ViewController.swift in Sources */ = {isa = PBXBuildFile; fileRef = 206125A62017269600D86A09 /* ViewController.swift */; };
		206125AC2017269600D86A09 /* Assets.xcassets in Resources */ = {isa = PBXBuildFile; fileRef = 206125AB2017269600D86A09 /* Assets.xcassets */; };
		206125B72017270C00D86A09 /* AppHelper.h in Headers */ = {isa = PBXBuildFile; fileRef = 206125B52017270C00D86A09 /* AppHelper.h */; settings = {ATTRIBUTES = (Public, ); }; };
		206125C1201729BC00D86A09 /* Types.swift in Sources */ = {isa = PBXBuildFile; fileRef = 206125C0201729BC00D86A09 /* Types.swift */; };
		206125C420172A4900D86A09 /* CoreDatabase.swift in Sources */ = {isa = PBXBuildFile; fileRef = 206125C320172A4900D86A09 /* CoreDatabase.swift */; };
		206125C620172AB200D86A09 /* CoreDatabaseFactory.swift in Sources */ = {isa = PBXBuildFile; fileRef = 206125C520172AB200D86A09 /* CoreDatabaseFactory.swift */; };
		206125C820172AE300D86A09 /* CoreDataTypes.swift in Sources */ = {isa = PBXBuildFile; fileRef = 206125C720172AE300D86A09 /* CoreDataTypes.swift */; };
		206125CA20172B1700D86A09 /* CoreDataUtils.swift in Sources */ = {isa = PBXBuildFile; fileRef = 206125C920172B1700D86A09 /* CoreDataUtils.swift */; };
		206125CC20172C7E00D86A09 /* Main.storyboard in Resources */ = {isa = PBXBuildFile; fileRef = 206125CB20172C7E00D86A09 /* Main.storyboard */; };
		206125CE20172C9700D86A09 /* LaunchScreen.storyboard in Resources */ = {isa = PBXBuildFile; fileRef = 206125CD20172C9700D86A09 /* LaunchScreen.storyboard */; };
/* End PBXBuildFile section */

/* Begin PBXContainerItemProxy section */
		205276DB20173C5000CDA3CF /* PBXContainerItemProxy */ = {
			isa = PBXContainerItemProxy;
			containerPortal = 20612574201725E600D86A09 /* Project object */;
			proxyType = 1;
			remoteGlobalIDString = 206125952017267100D86A09;
			remoteInfo = AppHelper;
		};
/* End PBXContainerItemProxy section */

/* Begin PBXCopyFilesBuildPhase section */
		205276DD20173C5000CDA3CF /* Embed Frameworks */ = {
			isa = PBXCopyFilesBuildPhase;
			buildActionMask = 2147483647;
			dstPath = "";
			dstSubfolderSpec = 10;
			files = (
				205276DA20173C5000CDA3CF /* AppHelper.framework in Embed Frameworks */,
			);
			name = "Embed Frameworks";
			runOnlyForDeploymentPostprocessing = 0;
		};
/* End PBXCopyFilesBuildPhase section */

/* Begin PBXFileReference section */
		206125962017267100D86A09 /* AppHelper.framework */ = {isa = PBXFileReference; explicitFileType = wrapper.framework; includeInIndex = 0; path = AppHelper.framework; sourceTree = BUILT_PRODUCTS_DIR; };
		206125A22017269600D86A09 /* Example.app */ = {isa = PBXFileReference; explicitFileType = wrapper.application; includeInIndex = 0; path = Example.app; sourceTree = BUILT_PRODUCTS_DIR; };
		206125A42017269600D86A09 /* AppDelegate.swift */ = {isa = PBXFileReference; lastKnownFileType = sourcecode.swift; path = AppDelegate.swift; sourceTree = "<group>"; };
		206125A62017269600D86A09 /* ViewController.swift */ = {isa = PBXFileReference; lastKnownFileType = sourcecode.swift; path = ViewController.swift; sourceTree = "<group>"; };
		206125AB2017269600D86A09 /* Assets.xcassets */ = {isa = PBXFileReference; lastKnownFileType = folder.assetcatalog; path = Assets.xcassets; sourceTree = "<group>"; };
		206125B02017269600D86A09 /* Info.plist */ = {isa = PBXFileReference; lastKnownFileType = text.plist.xml; path = Info.plist; sourceTree = "<group>"; };
		206125B52017270C00D86A09 /* AppHelper.h */ = {isa = PBXFileReference; fileEncoding = 4; lastKnownFileType = sourcecode.c.h; path = AppHelper.h; sourceTree = "<group>"; };
		206125B62017270C00D86A09 /* Info.plist */ = {isa = PBXFileReference; fileEncoding = 4; lastKnownFileType = text.plist.xml; path = Info.plist; sourceTree = "<group>"; };
		206125C0201729BC00D86A09 /* Types.swift */ = {isa = PBXFileReference; lastKnownFileType = sourcecode.swift; path = Types.swift; sourceTree = "<group>"; };
		206125C320172A4900D86A09 /* CoreDatabase.swift */ = {isa = PBXFileReference; lastKnownFileType = sourcecode.swift; path = CoreDatabase.swift; sourceTree = "<group>"; };
		206125C520172AB200D86A09 /* CoreDatabaseFactory.swift */ = {isa = PBXFileReference; lastKnownFileType = sourcecode.swift; path = CoreDatabaseFactory.swift; sourceTree = "<group>"; };
		206125C720172AE300D86A09 /* CoreDataTypes.swift */ = {isa = PBXFileReference; lastKnownFileType = sourcecode.swift; path = CoreDataTypes.swift; sourceTree = "<group>"; };
		206125C920172B1700D86A09 /* CoreDataUtils.swift */ = {isa = PBXFileReference; lastKnownFileType = sourcecode.swift; path = CoreDataUtils.swift; sourceTree = "<group>"; };
		206125CB20172C7E00D86A09 /* Main.storyboard */ = {isa = PBXFileReference; fileEncoding = 4; lastKnownFileType = file.storyboard; path = Main.storyboard; sourceTree = "<group>"; };
		206125CD20172C9700D86A09 /* LaunchScreen.storyboard */ = {isa = PBXFileReference; fileEncoding = 4; lastKnownFileType = file.storyboard; path = LaunchScreen.storyboard; sourceTree = "<group>"; };
/* End PBXFileReference section */

/* Begin PBXFrameworksBuildPhase section */
		206125922017267100D86A09 /* Frameworks */ = {
			isa = PBXFrameworksBuildPhase;
			buildActionMask = 2147483647;
			files = (
			);
			runOnlyForDeploymentPostprocessing = 0;
		};
		2061259F2017269600D86A09 /* Frameworks */ = {
			isa = PBXFrameworksBuildPhase;
			buildActionMask = 2147483647;
			files = (
				205276D920173C5000CDA3CF /* AppHelper.framework in Frameworks */,
			);
			runOnlyForDeploymentPostprocessing = 0;
		};
/* End PBXFrameworksBuildPhase section */

/* Begin PBXGroup section */
		20612573201725E600D86A09 = {
			isa = PBXGroup;
			children = (
				206125B42017270C00D86A09 /* Source */,
				206125A32017269600D86A09 /* Example */,
				2061257D201725E600D86A09 /* Products */,
			);
			sourceTree = "<group>";
		};
		2061257D201725E600D86A09 /* Products */ = {
			isa = PBXGroup;
			children = (
				206125962017267100D86A09 /* AppHelper.framework */,
				206125A22017269600D86A09 /* Example.app */,
			);
			name = Products;
			sourceTree = "<group>";
		};
		206125A32017269600D86A09 /* Example */ = {
			isa = PBXGroup;
			children = (
				206125A42017269600D86A09 /* AppDelegate.swift */,
				206125A62017269600D86A09 /* ViewController.swift */,
				206125AB2017269600D86A09 /* Assets.xcassets */,
				206125CB20172C7E00D86A09 /* Main.storyboard */,
				206125CD20172C9700D86A09 /* LaunchScreen.storyboard */,
				206125B02017269600D86A09 /* Info.plist */,
			);
			path = Example;
			sourceTree = "<group>";
		};
		206125B42017270C00D86A09 /* Source */ = {
			isa = PBXGroup;
			children = (
				206125BD2017298300D86A09 /* Common */,
				206125BE2017298400D86A09 /* DataStore */,
				206125BA2017298300D86A09 /* Extensions */,
				206125BF2017298400D86A09 /* UI */,
				206125B92017298300D86A09 /* Utils */,
				206125B52017270C00D86A09 /* AppHelper.h */,
				206125B62017270C00D86A09 /* Info.plist */,
			);
			path = Source;
			sourceTree = "<group>";
		};
		206125B92017298300D86A09 /* Utils */ = {
			isa = PBXGroup;
			children = (
			);
			path = Utils;
			sourceTree = "<group>";
		};
		206125BA2017298300D86A09 /* Extensions */ = {
			isa = PBXGroup;
			children = (
				206125BB2017298300D86A09 /* UIKit */,
				206125BC2017298300D86A09 /* Foundation */,
			);
			path = Extensions;
			sourceTree = "<group>";
		};
		206125BB2017298300D86A09 /* UIKit */ = {
			isa = PBXGroup;
			children = (
			);
			path = UIKit;
			sourceTree = "<group>";
		};
		206125BC2017298300D86A09 /* Foundation */ = {
			isa = PBXGroup;
			children = (
			);
			path = Foundation;
			sourceTree = "<group>";
		};
		206125BD2017298300D86A09 /* Common */ = {
			isa = PBXGroup;
			children = (
				206125C0201729BC00D86A09 /* Types.swift */,
			);
			path = Common;
			sourceTree = "<group>";
		};
		206125BE2017298400D86A09 /* DataStore */ = {
			isa = PBXGroup;
			children = (
				206125C220172A1B00D86A09 /* CoreDatabase */,
			);
			path = DataStore;
			sourceTree = "<group>";
		};
		206125BF2017298400D86A09 /* UI */ = {
			isa = PBXGroup;
			children = (
			);
			path = UI;
			sourceTree = "<group>";
		};
		206125C220172A1B00D86A09 /* CoreDatabase */ = {
			isa = PBXGroup;
			children = (
				206125C320172A4900D86A09 /* CoreDatabase.swift */,
				206125C520172AB200D86A09 /* CoreDatabaseFactory.swift */,
				206125C720172AE300D86A09 /* CoreDataTypes.swift */,
				206125C920172B1700D86A09 /* CoreDataUtils.swift */,
			);
			path = CoreDatabase;
			sourceTree = "<group>";
		};
/* End PBXGroup section */

/* Begin PBXHeadersBuildPhase section */
		206125932017267100D86A09 /* Headers */ = {
			isa = PBXHeadersBuildPhase;
			buildActionMask = 2147483647;
			files = (
				206125B72017270C00D86A09 /* AppHelper.h in Headers */,
			);
			runOnlyForDeploymentPostprocessing = 0;
		};
/* End PBXHeadersBuildPhase section */

/* Begin PBXNativeTarget section */
		206125952017267100D86A09 /* AppHelper */ = {
			isa = PBXNativeTarget;
			buildConfigurationList = 2061259B2017267100D86A09 /* Build configuration list for PBXNativeTarget "AppHelper" */;
			buildPhases = (
				206125912017267100D86A09 /* Sources */,
				206125922017267100D86A09 /* Frameworks */,
				206125932017267100D86A09 /* Headers */,
				206125942017267100D86A09 /* Resources */,
			);
			buildRules = (
			);
			dependencies = (
			);
			name = AppHelper;
			productName = AppHelper;
			productReference = 206125962017267100D86A09 /* AppHelper.framework */;
			productType = "com.apple.product-type.framework";
		};
		206125A12017269600D86A09 /* Example */ = {
			isa = PBXNativeTarget;
			buildConfigurationList = 206125B12017269600D86A09 /* Build configuration list for PBXNativeTarget "Example" */;
			buildPhases = (
				2061259E2017269600D86A09 /* Sources */,
				2061259F2017269600D86A09 /* Frameworks */,
				206125A02017269600D86A09 /* Resources */,
				205276DD20173C5000CDA3CF /* Embed Frameworks */,
			);
			buildRules = (
			);
			dependencies = (
				205276DC20173C5000CDA3CF /* PBXTargetDependency */,
			);
			name = Example;
			productName = Example;
			productReference = 206125A22017269600D86A09 /* Example.app */;
			productType = "com.apple.product-type.application";
		};
/* End PBXNativeTarget section */

/* Begin PBXProject section */
		20612574201725E600D86A09 /* Project object */ = {
			isa = PBXProject;
			attributes = {
				LastSwiftUpdateCheck = 0920;
				LastUpgradeCheck = 0920;
				ORGANIZATIONNAME = "Sky Bluestar";
				TargetAttributes = {
					206125952017267100D86A09 = {
						CreatedOnToolsVersion = 9.2;
						LastSwiftMigration = 0920;
						ProvisioningStyle = Automatic;
					};
					206125A12017269600D86A09 = {
						CreatedOnToolsVersion = 9.2;
						ProvisioningStyle = Automatic;
					};
				};
			};
			buildConfigurationList = 20612577201725E600D86A09 /* Build configuration list for PBXProject "AppHelper" */;
			compatibilityVersion = "Xcode 8.0";
			developmentRegion = en;
			hasScannedForEncodings = 0;
			knownRegions = (
				en,
				Base,
			);
			mainGroup = 20612573201725E600D86A09;
			productRefGroup = 2061257D201725E600D86A09 /* Products */;
			projectDirPath = "";
			projectRoot = "";
			targets = (
				206125952017267100D86A09 /* AppHelper */,
				206125A12017269600D86A09 /* Example */,
			);
		};
/* End PBXProject section */

/* Begin PBXResourcesBuildPhase section */
		206125942017267100D86A09 /* Resources */ = {
			isa = PBXResourcesBuildPhase;
			buildActionMask = 2147483647;
			files = (
			);
			runOnlyForDeploymentPostprocessing = 0;
		};
		206125A02017269600D86A09 /* Resources */ = {
			isa = PBXResourcesBuildPhase;
			buildActionMask = 2147483647;
			files = (
				206125CE20172C9700D86A09 /* LaunchScreen.storyboard in Resources */,
				206125CC20172C7E00D86A09 /* Main.storyboard in Resources */,
				206125AC2017269600D86A09 /* Assets.xcassets in Resources */,
			);
			runOnlyForDeploymentPostprocessing = 0;
		};
/* End PBXResourcesBuildPhase section */

/* Begin PBXSourcesBuildPhase section */
		206125912017267100D86A09 /* Sources */ = {
			isa = PBXSourcesBuildPhase;
			buildActionMask = 2147483647;
			files = (
				206125C1201729BC00D86A09 /* Types.swift in Sources */,
				206125C420172A4900D86A09 /* CoreDatabase.swift in Sources */,
				206125C820172AE300D86A09 /* CoreDataTypes.swift in Sources */,
				206125C620172AB200D86A09 /* CoreDatabaseFactory.swift in Sources */,
				206125CA20172B1700D86A09 /* CoreDataUtils.swift in Sources */,
			);
			runOnlyForDeploymentPostprocessing = 0;
		};
		2061259E2017269600D86A09 /* Sources */ = {
			isa = PBXSourcesBuildPhase;
			buildActionMask = 2147483647;
			files = (
				206125A72017269600D86A09 /* ViewController.swift in Sources */,
				206125A52017269600D86A09 /* AppDelegate.swift in Sources */,
			);
			runOnlyForDeploymentPostprocessing = 0;
		};
/* End PBXSourcesBuildPhase section */

/* Begin PBXTargetDependency section */
		205276DC20173C5000CDA3CF /* PBXTargetDependency */ = {
			isa = PBXTargetDependency;
			target = 206125952017267100D86A09 /* AppHelper */;
			targetProxy = 205276DB20173C5000CDA3CF /* PBXContainerItemProxy */;
		};
/* End PBXTargetDependency section */

/* Begin XCBuildConfiguration section */
		2061258C201725E600D86A09 /* Debug */ = {
			isa = XCBuildConfiguration;
			buildSettings = {
				ALWAYS_SEARCH_USER_PATHS = NO;
				CLANG_ANALYZER_NONNULL = YES;
				CLANG_ANALYZER_NUMBER_OBJECT_CONVERSION = YES_AGGRESSIVE;
				CLANG_CXX_LANGUAGE_STANDARD = "gnu++14";
				CLANG_CXX_LIBRARY = "libc++";
				CLANG_ENABLE_MODULES = YES;
				CLANG_ENABLE_OBJC_ARC = YES;
				CLANG_WARN_BLOCK_CAPTURE_AUTORELEASING = YES;
				CLANG_WARN_BOOL_CONVERSION = YES;
				CLANG_WARN_COMMA = YES;
				CLANG_WARN_CONSTANT_CONVERSION = YES;
				CLANG_WARN_DIRECT_OBJC_ISA_USAGE = YES_ERROR;
				CLANG_WARN_DOCUMENTATION_COMMENTS = YES;
				CLANG_WARN_EMPTY_BODY = YES;
				CLANG_WARN_ENUM_CONVERSION = YES;
				CLANG_WARN_INFINITE_RECURSION = YES;
				CLANG_WARN_INT_CONVERSION = YES;
				CLANG_WARN_NON_LITERAL_NULL_CONVERSION = YES;
				CLANG_WARN_OBJC_LITERAL_CONVERSION = YES;
				CLANG_WARN_OBJC_ROOT_CLASS = YES_ERROR;
				CLANG_WARN_RANGE_LOOP_ANALYSIS = YES;
				CLANG_WARN_STRICT_PROTOTYPES = YES;
				CLANG_WARN_SUSPICIOUS_MOVE = YES;
				CLANG_WARN_UNGUARDED_AVAILABILITY = YES_AGGRESSIVE;
				CLANG_WARN_UNREACHABLE_CODE = YES;
				CLANG_WARN__DUPLICATE_METHOD_MATCH = YES;
				CODE_SIGN_IDENTITY = "iPhone Developer";
				COPY_PHASE_STRIP = NO;
				DEBUG_INFORMATION_FORMAT = dwarf;
				ENABLE_STRICT_OBJC_MSGSEND = YES;
				ENABLE_TESTABILITY = YES;
				GCC_C_LANGUAGE_STANDARD = gnu11;
				GCC_DYNAMIC_NO_PIC = NO;
				GCC_NO_COMMON_BLOCKS = YES;
				GCC_OPTIMIZATION_LEVEL = 0;
				GCC_PREPROCESSOR_DEFINITIONS = (
					"DEBUG=1",
					"$(inherited)",
				);
				GCC_WARN_64_TO_32_BIT_CONVERSION = YES;
				GCC_WARN_ABOUT_RETURN_TYPE = YES_ERROR;
				GCC_WARN_UNDECLARED_SELECTOR = YES;
				GCC_WARN_UNINITIALIZED_AUTOS = YES_AGGRESSIVE;
				GCC_WARN_UNUSED_FUNCTION = YES;
				GCC_WARN_UNUSED_VARIABLE = YES;
				IPHONEOS_DEPLOYMENT_TARGET = 11.2;
				MTL_ENABLE_DEBUG_INFO = YES;
				ONLY_ACTIVE_ARCH = YES;
				SDKROOT = iphoneos;
				SWIFT_ACTIVE_COMPILATION_CONDITIONS = DEBUG;
				SWIFT_OPTIMIZATION_LEVEL = "-Onone";
			};
			name = Debug;
		};
		2061258D201725E600D86A09 /* Release */ = {
			isa = XCBuildConfiguration;
			buildSettings = {
				ALWAYS_SEARCH_USER_PATHS = NO;
				CLANG_ANALYZER_NONNULL = YES;
				CLANG_ANALYZER_NUMBER_OBJECT_CONVERSION = YES_AGGRESSIVE;
				CLANG_CXX_LANGUAGE_STANDARD = "gnu++14";
				CLANG_CXX_LIBRARY = "libc++";
				CLANG_ENABLE_MODULES = YES;
				CLANG_ENABLE_OBJC_ARC = YES;
				CLANG_WARN_BLOCK_CAPTURE_AUTORELEASING = YES;
				CLANG_WARN_BOOL_CONVERSION = YES;
				CLANG_WARN_COMMA = YES;
				CLANG_WARN_CONSTANT_CONVERSION = YES;
				CLANG_WARN_DIRECT_OBJC_ISA_USAGE = YES_ERROR;
				CLANG_WARN_DOCUMENTATION_COMMENTS = YES;
				CLANG_WARN_EMPTY_BODY = YES;
				CLANG_WARN_ENUM_CONVERSION = YES;
				CLANG_WARN_INFINITE_RECURSION = YES;
				CLANG_WARN_INT_CONVERSION = YES;
				CLANG_WARN_NON_LITERAL_NULL_CONVERSION = YES;
				CLANG_WARN_OBJC_LITERAL_CONVERSION = YES;
				CLANG_WARN_OBJC_ROOT_CLASS = YES_ERROR;
				CLANG_WARN_RANGE_LOOP_ANALYSIS = YES;
				CLANG_WARN_STRICT_PROTOTYPES = YES;
				CLANG_WARN_SUSPICIOUS_MOVE = YES;
				CLANG_WARN_UNGUARDED_AVAILABILITY = YES_AGGRESSIVE;
				CLANG_WARN_UNREACHABLE_CODE = YES;
				CLANG_WARN__DUPLICATE_METHOD_MATCH = YES;
				CODE_SIGN_IDENTITY = "iPhone Developer";
				COPY_PHASE_STRIP = NO;
				DEBUG_INFORMATION_FORMAT = "dwarf-with-dsym";
				ENABLE_NS_ASSERTIONS = NO;
				ENABLE_STRICT_OBJC_MSGSEND = YES;
				GCC_C_LANGUAGE_STANDARD = gnu11;
				GCC_NO_COMMON_BLOCKS = YES;
				GCC_WARN_64_TO_32_BIT_CONVERSION = YES;
				GCC_WARN_ABOUT_RETURN_TYPE = YES_ERROR;
				GCC_WARN_UNDECLARED_SELECTOR = YES;
				GCC_WARN_UNINITIALIZED_AUTOS = YES_AGGRESSIVE;
				GCC_WARN_UNUSED_FUNCTION = YES;
				GCC_WARN_UNUSED_VARIABLE = YES;
				IPHONEOS_DEPLOYMENT_TARGET = 11.2;
				MTL_ENABLE_DEBUG_INFO = NO;
				SDKROOT = iphoneos;
				SWIFT_OPTIMIZATION_LEVEL = "-Owholemodule";
				VALIDATE_PRODUCT = YES;
			};
			name = Release;
		};
		2061259C2017267100D86A09 /* Debug */ = {
			isa = XCBuildConfiguration;
			buildSettings = {
				CLANG_ENABLE_MODULES = YES;
				CODE_SIGN_IDENTITY = "";
				CODE_SIGN_STYLE = Automatic;
				CURRENT_PROJECT_VERSION = 1;
				DEFINES_MODULE = YES;
				DEVELOPMENT_TEAM = CJR9U4F7KL;
				DYLIB_COMPATIBILITY_VERSION = 1;
				DYLIB_CURRENT_VERSION = 1;
				DYLIB_INSTALL_NAME_BASE = "@rpath";
				INFOPLIST_FILE = "$(SRCROOT)/Source/Info.plist";
				INSTALL_PATH = "$(LOCAL_LIBRARY_DIR)/Frameworks";
				IPHONEOS_DEPLOYMENT_TARGET = 8.0;
				LD_RUNPATH_SEARCH_PATHS = "$(inherited) @executable_path/Frameworks @loader_path/Frameworks";
				PRODUCT_BUNDLE_IDENTIFIER = org.skybluestar.AppHelper;
				PRODUCT_NAME = "$(TARGET_NAME:c99extidentifier)";
				SKIP_INSTALL = YES;
				SWIFT_OPTIMIZATION_LEVEL = "-Onone";
				SWIFT_VERSION = 4.0;
				TARGETED_DEVICE_FAMILY = "1,2";
				VERSIONING_SYSTEM = "apple-generic";
				VERSION_INFO_PREFIX = "";
			};
			name = Debug;
		};
		2061259D2017267100D86A09 /* Release */ = {
			isa = XCBuildConfiguration;
			buildSettings = {
				CLANG_ENABLE_MODULES = YES;
				CODE_SIGN_IDENTITY = "";
				CODE_SIGN_STYLE = Automatic;
				CURRENT_PROJECT_VERSION = 1;
				DEFINES_MODULE = YES;
				DEVELOPMENT_TEAM = CJR9U4F7KL;
				DYLIB_COMPATIBILITY_VERSION = 1;
				DYLIB_CURRENT_VERSION = 1;
				DYLIB_INSTALL_NAME_BASE = "@rpath";
				INFOPLIST_FILE = "$(SRCROOT)/Source/Info.plist";
				INSTALL_PATH = "$(LOCAL_LIBRARY_DIR)/Frameworks";
				IPHONEOS_DEPLOYMENT_TARGET = 8.0;
				LD_RUNPATH_SEARCH_PATHS = "$(inherited) @executable_path/Frameworks @loader_path/Frameworks";
				PRODUCT_BUNDLE_IDENTIFIER = org.skybluestar.AppHelper;
				PRODUCT_NAME = "$(TARGET_NAME:c99extidentifier)";
				SKIP_INSTALL = YES;
				SWIFT_VERSION = 4.0;
				TARGETED_DEVICE_FAMILY = "1,2";
				VERSIONING_SYSTEM = "apple-generic";
				VERSION_INFO_PREFIX = "";
			};
			name = Release;
		};
		206125B22017269600D86A09 /* Debug */ = {
			isa = XCBuildConfiguration;
			buildSettings = {
				ALWAYS_EMBED_SWIFT_STANDARD_LIBRARIES = YES;
				ASSETCATALOG_COMPILER_APPICON_NAME = AppIcon;
				CODE_SIGN_STYLE = Automatic;
				DEVELOPMENT_TEAM = CJR9U4F7KL;
				INFOPLIST_FILE = Example/Info.plist;
				IPHONEOS_DEPLOYMENT_TARGET = 8.0;
				LD_RUNPATH_SEARCH_PATHS = "$(inherited) @executable_path/Frameworks";
				PRODUCT_BUNDLE_IDENTIFIER = org.skybluestar.AppHelperExample;
				PRODUCT_NAME = "$(TARGET_NAME)";
				SWIFT_VERSION = 4.0;
				TARGETED_DEVICE_FAMILY = "1,2";
			};
			name = Debug;
		};
		206125B32017269600D86A09 /* Release */ = {
			isa = XCBuildConfiguration;
			buildSettings = {
				ALWAYS_EMBED_SWIFT_STANDARD_LIBRARIES = YES;
				ASSETCATALOG_COMPILER_APPICON_NAME = AppIcon;
				CODE_SIGN_STYLE = Automatic;
				DEVELOPMENT_TEAM = CJR9U4F7KL;
				INFOPLIST_FILE = Example/Info.plist;
				IPHONEOS_DEPLOYMENT_TARGET = 8.0;
				LD_RUNPATH_SEARCH_PATHS = "$(inherited) @executable_path/Frameworks";
				PRODUCT_BUNDLE_IDENTIFIER = org.skybluestar.AppHelperExample;
				PRODUCT_NAME = "$(TARGET_NAME)";
				SWIFT_VERSION = 4.0;
				TARGETED_DEVICE_FAMILY = "1,2";
			};
			name = Release;
		};
/* End XCBuildConfiguration section */

/* Begin XCConfigurationList section */
		20612577201725E600D86A09 /* Build configuration list for PBXProject "AppHelper" */ = {
			isa = XCConfigurationList;
			buildConfigurations = (
				2061258C201725E600D86A09 /* Debug */,
				2061258D201725E600D86A09 /* Release */,
			);
			defaultConfigurationIsVisible = 0;
			defaultConfigurationName = Release;
		};
		2061259B2017267100D86A09 /* Build configuration list for PBXNativeTarget "AppHelper" */ = {
			isa = XCConfigurationList;
			buildConfigurations = (
				2061259C2017267100D86A09 /* Debug */,
				2061259D2017267100D86A09 /* Release */,
			);
			defaultConfigurationIsVisible = 0;
			defaultConfigurationName = Release;
		};
		206125B12017269600D86A09 /* Build configuration list for PBXNativeTarget "Example" */ = {
			isa = XCConfigurationList;
			buildConfigurations = (
				206125B22017269600D86A09 /* Debug */,
				206125B32017269600D86A09 /* Release */,
			);
			defaultConfigurationIsVisible = 0;
			defaultConfigurationName = Release;
		};
/* End XCConfigurationList section */
	};
	rootObject = 20612574201725E600D86A09 /* Project object */;
}
